
Microsoft Visual Studio Solution File, Format Version 12.00
# Visual Studio Version 17
VisualStudioVersion = 17.3.32714.290
MinimumVisualStudioVersion = 10.0.40219.1
Project("{FAE04EC0-301F-11D3-BF4B-00C04F79EFBC}") = "Movie", "Movie.csproj", "{C49172A8-CA19-4F4D-AFEE-412881302F99}"
EndProject
Global
	GlobalSection(SolutionConfigurationPlatforms) = preSolution
		Debug|Any CPU = Debug|Any CPU
		Release|Any CPU = Release|Any CPU
	EndGlobalSection
	GlobalSection(ProjectConfigurationPlatforms) = postSolution
		{C49172A8-CA19-4F4D-AFEE-412881302F99}.Debug|Any CPU.ActiveCfg = Debug|Any CPU
		{C49172A8-CA19-4F4D-AFEE-412881302F99}.Debug|Any CPU.Build.0 = Debug|Any CPU
		{C49172A8-CA19-4F4D-AFEE-412881302F99}.Release|Any CPU.ActiveCfg = Release|Any CPU
		{C49172A8-CA19-4F4D-AFEE-412881302F99}.Release|Any CPU.Build.0 = Release|Any CPU
	EndGlobalSection
	GlobalSection(SolutionProperties) = preSolution
		HideSolutionNode = FALSE
	EndGlobalSection
	GlobalSection(ExtensibilityGlobals) = postSolution
		SolutionGuid = {270AE194-F5C1-45DE-AF1D-596CAF988B7C}
	EndGlobalSection
EndGlobal
